{
  "object": {
    "pins": [
      {
        "package": "Diesel",
        "repositoryURL": "/Users/alvae/Developer/Diesel",
        "state": {
          "branch": "master",
          "revision": "151ba1c2fea080e22e0bdb6947d625f04c7bba74",
          "version": null
        }
      }
    ]
  },
  "version": 1
}
