{
  "object": {
    "pins": [
      {
        "package": "Diesel",
        "repositoryURL": "/Users/alvae/Developer/Diesel",
        "state": {
          "branch": "master",
          "revision": "53925c4d8f56657958d04c0b328cba3f7a69b19e",
          "version": null
        }
      }
    ]
  },
  "version": 1
}
