{
  "object": {
    "pins": [
      {
        "package": "Diesel",
        "repositoryURL": "/Users/alvae/Developer/Diesel",
        "state": {
          "branch": "master",
          "revision": "d36ecb52af79adc4c3378657d5415806df6ed0f6",
          "version": null
        }
      }
    ]
  },
  "version": 1
}
